
Microsoft Visual Studio Solution File, Format Version 12.00
# Visual Studio Version 17
VisualStudioVersion = 17.0.31919.166
MinimumVisualStudioVersion = 10.0.40219.1
Project("{9A19103F-16F7-4668-BE54-9A1E7A4F7556}") = "PowerPlant.Core", "PowerPlant.Core\PowerPlant.Core.csproj", "{B8BC918A-7D8B-4CDF-B4B2-7A4E71A3D7A4}"
EndProject
Project("{FAE04EC0-301F-11D3-BF4B-00C04F79EFBC}") = "PowerPlant.Console", "PowerPlant.Console\PowerPlant.Console.csproj", "{B31E28A2-58D5-4EC9-B942-32874C744BDF}"
EndProject
Global
	GlobalSection(SolutionConfigurationPlatforms) = preSolution
		Debug|Any CPU = Debug|Any CPU
		Release|Any CPU = Release|Any CPU
	EndGlobalSection
	GlobalSection(ProjectConfigurationPlatforms) = postSolution
		{B8BC918A-7D8B-4CDF-B4B2-7A4E71A3D7A4}.Debug|Any CPU.ActiveCfg = Debug|Any CPU
		{B8BC918A-7D8B-4CDF-B4B2-7A4E71A3D7A4}.Debug|Any CPU.Build.0 = Debug|Any CPU
		{B8BC918A-7D8B-4CDF-B4B2-7A4E71A3D7A4}.Release|Any CPU.ActiveCfg = Release|Any CPU
		{B8BC918A-7D8B-4CDF-B4B2-7A4E71A3D7A4}.Release|Any CPU.Build.0 = Release|Any CPU
		{B31E28A2-58D5-4EC9-B942-32874C744BDF}.Debug|Any CPU.ActiveCfg = Debug|Any CPU
		{B31E28A2-58D5-4EC9-B942-32874C744BDF}.Debug|Any CPU.Build.0 = Debug|Any CPU
		{B31E28A2-58D5-4EC9-B942-32874C744BDF}.Release|Any CPU.ActiveCfg = Release|Any CPU
		{B31E28A2-58D5-4EC9-B942-32874C744BDF}.Release|Any CPU.Build.0 = Release|Any CPU
	EndGlobalSection
	GlobalSection(SolutionProperties) = preSolution
		HideSolutionNode = FALSE
	EndGlobalSection
	GlobalSection(ExtensibilityGlobals) = postSolution
		SolutionGuid = {0E9694AA-791A-41A8-9D62-C13F7F295351}
	EndGlobalSection
EndGlobal
